
Microsoft Visual Studio Solution File, Format Version 12.00
# Visual Studio Version 16
VisualStudioVersion = 16.0.30517.126
MinimumVisualStudioVersion = 10.0.40219.1
Project("{FAE04EC0-301F-11D3-BF4B-00C04F79EFBC}") = "DevAgenda", "DevAgenda\DevAgenda.csproj", "{C0EE98DD-5046-4A9A-8420-13B26F2ECFEE}"
EndProject
Global
	GlobalSection(SolutionConfigurationPlatforms) = preSolution
		Debug|Any CPU = Debug|Any CPU
		Release|Any CPU = Release|Any CPU
	EndGlobalSection
	GlobalSection(ProjectConfigurationPlatforms) = postSolution
		{C0EE98DD-5046-4A9A-8420-13B26F2ECFEE}.Debug|Any CPU.ActiveCfg = Debug|Any CPU
		{C0EE98DD-5046-4A9A-8420-13B26F2ECFEE}.Debug|Any CPU.Build.0 = Debug|Any CPU
		{C0EE98DD-5046-4A9A-8420-13B26F2ECFEE}.Release|Any CPU.ActiveCfg = Release|Any CPU
		{C0EE98DD-5046-4A9A-8420-13B26F2ECFEE}.Release|Any CPU.Build.0 = Release|Any CPU
	EndGlobalSection
	GlobalSection(SolutionProperties) = preSolution
		HideSolutionNode = FALSE
	EndGlobalSection
	GlobalSection(ExtensibilityGlobals) = postSolution
		SolutionGuid = {5921034F-7D8A-452A-AAD8-123861995FD0}
	EndGlobalSection
EndGlobal
